
Microsoft Visual Studio Solution File, Format Version 12.00
# Visual Studio 15
VisualStudioVersion = 15.0.26730.16
MinimumVisualStudioVersion = 10.0.40219.1
Project("{FAE04EC0-301F-11D3-BF4B-00C04F79EFBC}") = "MusicLyricApp", "MusicLyricApp\MusicLyricApp.csproj", "{A8897401-6EE2-4C86-A56A-59CCF37A5974}"
EndProject
Project("{FAE04EC0-301F-11D3-BF4B-00C04F79EFBC}") = "MusicLyricAppTest", "MusicLyricAppTest\MusicLyricAppTest.csproj", "{9D302133-2ABB-4099-8573-2007EBE28A22}"
EndProject
Global
	GlobalSection(SolutionConfigurationPlatforms) = preSolution
		Debug|Any CPU = Debug|Any CPU
		Release|Any CPU = Release|Any CPU
	EndGlobalSection
	GlobalSection(ProjectConfigurationPlatforms) = postSolution
		{A8897401-6EE2-4C86-A56A-59CCF37A5974}.Debug|Any CPU.ActiveCfg = Debug|Any CPU
		{A8897401-6EE2-4C86-A56A-59CCF37A5974}.Debug|Any CPU.Build.0 = Debug|Any CPU
		{A8897401-6EE2-4C86-A56A-59CCF37A5974}.Release|Any CPU.ActiveCfg = Release|Any CPU
		{A8897401-6EE2-4C86-A56A-59CCF37A5974}.Release|Any CPU.Build.0 = Release|Any CPU
		{9D302133-2ABB-4099-8573-2007EBE28A22}.Debug|Any CPU.ActiveCfg = Debug|Any CPU
		{9D302133-2ABB-4099-8573-2007EBE28A22}.Debug|Any CPU.Build.0 = Debug|Any CPU
		{9D302133-2ABB-4099-8573-2007EBE28A22}.Release|Any CPU.ActiveCfg = Release|Any CPU
		{9D302133-2ABB-4099-8573-2007EBE28A22}.Release|Any CPU.Build.0 = Release|Any CPU
	EndGlobalSection
	GlobalSection(SolutionProperties) = preSolution
		HideSolutionNode = FALSE
	EndGlobalSection
	GlobalSection(ExtensibilityGlobals) = postSolution
		SolutionGuid = {830CB305-AEBE-4931-A4E6-BD7515C59FD5}
	EndGlobalSection
EndGlobal
